schema: '2.0'
stages:
  ingest:
    cmd: python src/ingest.py
    deps:
    - path: data/simulation_stream/01_base_data.csv
      hash: md5
      md5: 7abdfcab9faa63f9b0d134cde319b1f9
      size: 5965695
    - path: src/ingest.py
      hash: md5
      md5: d88bbe6954f53ba4fc3ce881d327b6c4
      size: 351
    outs:
    - path: data/raw/current_data.csv
      hash: md5
      md5: 7abdfcab9faa63f9b0d134cde319b1f9
      size: 5965695
  preprocess:
    cmd: python src/preprocess.py
    deps:
    - path: data/raw/current_data.csv
      hash: md5
      md5: 7abdfcab9faa63f9b0d134cde319b1f9
      size: 5965695
    - path: src/preprocess.py
      hash: md5
      md5: 38bfb9ad341000314d019ed6d67d2294
      size: 2326
    outs:
    - path: data/processed/train.parquet
      hash: md5
      md5: 95170586ae65a8aa3a3733b4a00f946e
      size: 2793011
  train:
    cmd: python src/train.py
    deps:
    - path: data/processed/train.parquet
      hash: md5
      md5: 95170586ae65a8aa3a3733b4a00f946e
      size: 2793011
    - path: src/train.py
      hash: md5
      md5: 930b1a83f00c73c7ef86e851ee7e4db7
      size: 4878
    params:
      params.yaml:
        train.architecture.dropout_rate: 0.14212497750656095
        train.architecture.hidden_1: 32
        train.architecture.hidden_2: 64
        train.batch_size: 64
        train.epochs: 5
        train.learning_rate: 0.0020664060646579277
