schema: '2.0'
stages:
  ingest:
    cmd: python src/ingest.py
    deps:
    - path: data/simulation_stream/01_base_data.csv
      hash: md5
      md5: 7abdfcab9faa63f9b0d134cde319b1f9
      size: 5965695
    - path: src/ingest.py
      hash: md5
      md5: e9a5085a936cfa06e62b794fef9a26bf
      size: 437
    outs:
    - path: data/raw/current_data.csv
      hash: md5
      md5: 7abdfcab9faa63f9b0d134cde319b1f9
      size: 5965695
  preprocess:
    cmd: python src/preprocess.py
    deps:
    - path: data/raw/current_data.csv
      hash: md5
      md5: 7abdfcab9faa63f9b0d134cde319b1f9
      size: 5965695
    - path: src/preprocess.py
      hash: md5
      md5: f9754a0f8b323a775662c55e0c428420
      size: 2846
    outs:
    - path: data/processed/scaler.pkl
      hash: md5
      md5: e50cef4f0984153adca3fda0506b26a1
      size: 1447
    - path: data/processed/train.parquet
      hash: md5
      md5: 141c6f060dd2a8e213031f0ff23cedda
      size: 2098514
    - path: data/processed/val.parquet
      hash: md5
      md5: 22660492d22e7357011f113c40501d7a
      size: 470730
  train:
    cmd: python src/train.py
    deps:
    - path: data/processed/scaler.pkl
      hash: md5
      md5: e50cef4f0984153adca3fda0506b26a1
      size: 1447
    - path: data/processed/train.parquet
      hash: md5
      md5: 141c6f060dd2a8e213031f0ff23cedda
      size: 2098514
    - path: src/train.py
      hash: md5
      md5: 38c2196ca4ea98d4e3cf76d37960a8cb
      size: 4959
    params:
      params.yaml:
        train.architecture.dropout_rate: 0.14212497750656095
        train.architecture.hidden_1: 32
        train.architecture.hidden_2: 64
        train.batch_size: 64
        train.epochs: 5
        train.learning_rate: 0.0020664060646579277
